
Microsoft Visual Studio Solution File, Format Version 12.00
# Visual Studio Version 17
VisualStudioVersion = 17.9.34723.18
MinimumVisualStudioVersion = 10.0.40219.1
Project("{FAE04EC0-301F-11D3-BF4B-00C04F79EFBC}") = "StoreApplication", "StoreApplication\StoreApplication.csproj", "{96B64E5C-D390-4B22-90A0-DC0C86C9FAC9}"
EndProject
Global
	GlobalSection(SolutionConfigurationPlatforms) = preSolution
		Debug|Any CPU = Debug|Any CPU
		Release|Any CPU = Release|Any CPU
	EndGlobalSection
	GlobalSection(ProjectConfigurationPlatforms) = postSolution
		{96B64E5C-D390-4B22-90A0-DC0C86C9FAC9}.Debug|Any CPU.ActiveCfg = Debug|Any CPU
		{96B64E5C-D390-4B22-90A0-DC0C86C9FAC9}.Debug|Any CPU.Build.0 = Debug|Any CPU
		{96B64E5C-D390-4B22-90A0-DC0C86C9FAC9}.Release|Any CPU.ActiveCfg = Release|Any CPU
		{96B64E5C-D390-4B22-90A0-DC0C86C9FAC9}.Release|Any CPU.Build.0 = Release|Any CPU
	EndGlobalSection
	GlobalSection(SolutionProperties) = preSolution
		HideSolutionNode = FALSE
	EndGlobalSection
	GlobalSection(ExtensibilityGlobals) = postSolution
		SolutionGuid = {A4C24630-02FD-4C41-98CA-8C5CBEC9FD0F}
	EndGlobalSection
EndGlobal
